
Microsoft Visual Studio Solution File, Format Version 12.00
# Visual Studio 15
VisualStudioVersion = 15.0.28307.572
MinimumVisualStudioVersion = 10.0.40219.1
Project("{FAE04EC0-301F-11D3-BF4B-00C04F79EFBC}") = "ConsoleApp1", "ConsoleApp1\ConsoleApp1.csproj", "{9C207E41-7BB8-4E83-AF4A-F4CD04D5A80F}"
EndProject
Project("{FAE04EC0-301F-11D3-BF4B-00C04F79EFBC}") = "ClassLibrary2", "ClassLibrary2\ClassLibrary2.csproj", "{A0ABD494-4948-43A6-8228-173C30E68823}"
EndProject
Global
	GlobalSection(SolutionConfigurationPlatforms) = preSolution
		Debug|Any CPU = Debug|Any CPU
		Release|Any CPU = Release|Any CPU
	EndGlobalSection
	GlobalSection(ProjectConfigurationPlatforms) = postSolution
		{9C207E41-7BB8-4E83-AF4A-F4CD04D5A80F}.Debug|Any CPU.ActiveCfg = Debug|Any CPU
		{9C207E41-7BB8-4E83-AF4A-F4CD04D5A80F}.Debug|Any CPU.Build.0 = Debug|Any CPU
		{9C207E41-7BB8-4E83-AF4A-F4CD04D5A80F}.Release|Any CPU.ActiveCfg = Release|Any CPU
		{9C207E41-7BB8-4E83-AF4A-F4CD04D5A80F}.Release|Any CPU.Build.0 = Release|Any CPU
		{A0ABD494-4948-43A6-8228-173C30E68823}.Debug|Any CPU.ActiveCfg = Debug|Any CPU
		{A0ABD494-4948-43A6-8228-173C30E68823}.Debug|Any CPU.Build.0 = Debug|Any CPU
		{A0ABD494-4948-43A6-8228-173C30E68823}.Release|Any CPU.ActiveCfg = Release|Any CPU
		{A0ABD494-4948-43A6-8228-173C30E68823}.Release|Any CPU.Build.0 = Release|Any CPU
	EndGlobalSection
	GlobalSection(SolutionProperties) = preSolution
		HideSolutionNode = FALSE
	EndGlobalSection
	GlobalSection(ExtensibilityGlobals) = postSolution
		SolutionGuid = {AFFDFE9C-1298-4D62-95B2-740F67E6DE4D}
	EndGlobalSection
EndGlobal
